// !$*UTF8*$!
{
	archiveVersion = 1;
	classes = {
	};
	objectVersion = 55;
	objects = {

/* Begin PBXBuildFile section */
		E4838A7F285A29CA008F9535 /* Tests_iOS.swift in Sources */ = {isa = PBXBuildFile; fileRef = E4838A7E285A29CA008F9535 /* Tests_iOS.swift */; };
		E4838A81285A29CA008F9535 /* Tests_iOSLaunchTests.swift in Sources */ = {isa = PBXBuildFile; fileRef = E4838A80285A29CA008F9535 /* Tests_iOSLaunchTests.swift */; };
		E4838A8B285A29CA008F9535 /* Tests_macOS.swift in Sources */ = {isa = PBXBuildFile; fileRef = E4838A8A285A29CA008F9535 /* Tests_macOS.swift */; };
		E4838A8D285A29CA008F9535 /* Tests_macOSLaunchTests.swift in Sources */ = {isa = PBXBuildFile; fileRef = E4838A8C285A29CA008F9535 /* Tests_macOSLaunchTests.swift */; };
		E4838A8E285A29CA008F9535 /* saxjaxXylophoneApp.swift in Sources */ = {isa = PBXBuildFile; fileRef = E4838A66285A29C8008F9535 /* saxjaxXylophoneApp.swift */; };
		E4838A8F285A29CA008F9535 /* saxjaxXylophoneApp.swift in Sources */ = {isa = PBXBuildFile; fileRef = E4838A66285A29C8008F9535 /* saxjaxXylophoneApp.swift */; };
		E4838A90285A29CA008F9535 /* ContentView.swift in Sources */ = {isa = PBXBuildFile; fileRef = E4838A67285A29C8008F9535 /* ContentView.swift */; };
		E4838A91285A29CA008F9535 /* ContentView.swift in Sources */ = {isa = PBXBuildFile; fileRef = E4838A67285A29C8008F9535 /* ContentView.swift */; };
		E4838A92285A29CA008F9535 /* Assets.xcassets in Resources */ = {isa = PBXBuildFile; fileRef = E4838A68285A29CA008F9535 /* Assets.xcassets */; };
		E4838A93285A29CA008F9535 /* Assets.xcassets in Resources */ = {isa = PBXBuildFile; fileRef = E4838A68285A29CA008F9535 /* Assets.xcassets */; };
		E4838AA3285A2BD1008F9535 /* ContentViewModel.swift in Sources */ = {isa = PBXBuildFile; fileRef = E4838AA2285A2BD1008F9535 /* ContentViewModel.swift */; };
		E4838AA4285A2BD1008F9535 /* ContentViewModel.swift in Sources */ = {isa = PBXBuildFile; fileRef = E4838AA2285A2BD1008F9535 /* ContentViewModel.swift */; };
		E4838AA5285A2BD1008F9535 /* ContentViewModel.swift in Sources */ = {isa = PBXBuildFile; fileRef = E4838AA2285A2BD1008F9535 /* ContentViewModel.swift */; };
		E4838AA6285A2BD1008F9535 /* ContentViewModel.swift in Sources */ = {isa = PBXBuildFile; fileRef = E4838AA2285A2BD1008F9535 /* ContentViewModel.swift */; };
		E4838AAF285A30A0008F9535 /* A.wav in Resources */ = {isa = PBXBuildFile; fileRef = E4838AA8285A30A0008F9535 /* A.wav */; };
		E4838AB0285A30A0008F9535 /* A.wav in Resources */ = {isa = PBXBuildFile; fileRef = E4838AA8285A30A0008F9535 /* A.wav */; };
		E4838AB1285A30A1008F9535 /* A.wav in Resources */ = {isa = PBXBuildFile; fileRef = E4838AA8285A30A0008F9535 /* A.wav */; };
		E4838AB2285A30A1008F9535 /* A.wav in Resources */ = {isa = PBXBuildFile; fileRef = E4838AA8285A30A0008F9535 /* A.wav */; };
		E4838AB3285A30A1008F9535 /* C.wav in Resources */ = {isa = PBXBuildFile; fileRef = E4838AA9285A30A0008F9535 /* C.wav */; };
		E4838AB4285A30A1008F9535 /* C.wav in Resources */ = {isa = PBXBuildFile; fileRef = E4838AA9285A30A0008F9535 /* C.wav */; };
		E4838AB5285A30A1008F9535 /* C.wav in Resources */ = {isa = PBXBuildFile; fileRef = E4838AA9285A30A0008F9535 /* C.wav */; };
		E4838AB6285A30A1008F9535 /* C.wav in Resources */ = {isa = PBXBuildFile; fileRef = E4838AA9285A30A0008F9535 /* C.wav */; };
		E4838AB7285A30A1008F9535 /* B.wav in Resources */ = {isa = PBXBuildFile; fileRef = E4838AAA285A30A0008F9535 /* B.wav */; };
		E4838AB8285A30A1008F9535 /* B.wav in Resources */ = {isa = PBXBuildFile; fileRef = E4838AAA285A30A0008F9535 /* B.wav */; };
		E4838AB9285A30A1008F9535 /* B.wav in Resources */ = {isa = PBXBuildFile; fileRef = E4838AAA285A30A0008F9535 /* B.wav */; };
		E4838ABA285A30A1008F9535 /* B.wav in Resources */ = {isa = PBXBuildFile; fileRef = E4838AAA285A30A0008F9535 /* B.wav */; };
		E4838ABB285A30A1008F9535 /* F.wav in Resources */ = {isa = PBXBuildFile; fileRef = E4838AAB285A30A0008F9535 /* F.wav */; };
		E4838ABC285A30A1008F9535 /* F.wav in Resources */ = {isa = PBXBuildFile; fileRef = E4838AAB285A30A0008F9535 /* F.wav */; };
		E4838ABD285A30A1008F9535 /* F.wav in Resources */ = {isa = PBXBuildFile; fileRef = E4838AAB285A30A0008F9535 /* F.wav */; };
		E4838ABE285A30A1008F9535 /* F.wav in Resources */ = {isa = PBXBuildFile; fileRef = E4838AAB285A30A0008F9535 /* F.wav */; };
		E4838ABF285A30A1008F9535 /* G.wav in Resources */ = {isa = PBXBuildFile; fileRef = E4838AAC285A30A0008F9535 /* G.wav */; };
		E4838AC0285A30A1008F9535 /* G.wav in Resources */ = {isa = PBXBuildFile; fileRef = E4838AAC285A30A0008F9535 /* G.wav */; };
		E4838AC1285A30A1008F9535 /* G.wav in Resources */ = {isa = PBXBuildFile; fileRef = E4838AAC285A30A0008F9535 /* G.wav */; };
		E4838AC2285A30A1008F9535 /* G.wav in Resources */ = {isa = PBXBuildFile; fileRef = E4838AAC285A30A0008F9535 /* G.wav */; };
		E4838AC3285A30A1008F9535 /* E.wav in Resources */ = {isa = PBXBuildFile; fileRef = E4838AAD285A30A0008F9535 /* E.wav */; };
		E4838AC4285A30A1008F9535 /* E.wav in Resources */ = {isa = PBXBuildFile; fileRef = E4838AAD285A30A0008F9535 /* E.wav */; };
		E4838AC5285A30A1008F9535 /* E.wav in Resources */ = {isa = PBXBuildFile; fileRef = E4838AAD285A30A0008F9535 /* E.wav */; };
		E4838AC6285A30A1008F9535 /* E.wav in Resources */ = {isa = PBXBuildFile; fileRef = E4838AAD285A30A0008F9535 /* E.wav */; };
		E4838AC7285A30A1008F9535 /* D.wav in Resources */ = {isa = PBXBuildFile; fileRef = E4838AAE285A30A0008F9535 /* D.wav */; };
		E4838AC8285A30A1008F9535 /* D.wav in Resources */ = {isa = PBXBuildFile; fileRef = E4838AAE285A30A0008F9535 /* D.wav */; };
		E4838AC9285A30A1008F9535 /* D.wav in Resources */ = {isa = PBXBuildFile; fileRef = E4838AAE285A30A0008F9535 /* D.wav */; };
		E4838ACA285A30A1008F9535 /* D.wav in Resources */ = {isa = PBXBuildFile; fileRef = E4838AAE285A30A0008F9535 /* D.wav */; };
/* End PBXBuildFile section */

/* Begin PBXContainerItemProxy section */
		E4838A7B285A29CA008F9535 /* PBXContainerItemProxy */ = {
			isa = PBXContainerItemProxy;
			containerPortal = E4838A61285A29C8008F9535 /* Project object */;
			proxyType = 1;
			remoteGlobalIDString = E4838A6C285A29CA008F9535;
			remoteInfo = "saxjaxXylophone (iOS)";
		};
		E4838A87285A29CA008F9535 /* PBXContainerItemProxy */ = {
			isa = PBXContainerItemProxy;
			containerPortal = E4838A61285A29C8008F9535 /* Project object */;
			proxyType = 1;
			remoteGlobalIDString = E4838A72285A29CA008F9535;
			remoteInfo = "saxjaxXylophone (macOS)";
		};
/* End PBXContainerItemProxy section */

/* Begin PBXFileReference section */
		E4838A66285A29C8008F9535 /* saxjaxXylophoneApp.swift */ = {isa = PBXFileReference; lastKnownFileType = sourcecode.swift; path = saxjaxXylophoneApp.swift; sourceTree = "<group>"; };
		E4838A67285A29C8008F9535 /* ContentView.swift */ = {isa = PBXFileReference; lastKnownFileType = sourcecode.swift; path = ContentView.swift; sourceTree = "<group>"; };
		E4838A68285A29CA008F9535 /* Assets.xcassets */ = {isa = PBXFileReference; lastKnownFileType = folder.assetcatalog; path = Assets.xcassets; sourceTree = "<group>"; };
		E4838A6D285A29CA008F9535 /* saxjaxXylophone.app */ = {isa = PBXFileReference; explicitFileType = wrapper.application; includeInIndex = 0; path = saxjaxXylophone.app; sourceTree = BUILT_PRODUCTS_DIR; };
		E4838A73285A29CA008F9535 /* saxjaxXylophone.app */ = {isa = PBXFileReference; explicitFileType = wrapper.application; includeInIndex = 0; path = saxjaxXylophone.app; sourceTree = BUILT_PRODUCTS_DIR; };
		E4838A75285A29CA008F9535 /* macOS.entitlements */ = {isa = PBXFileReference; lastKnownFileType = text.plist.entitlements; path = macOS.entitlements; sourceTree = "<group>"; };
		E4838A7A285A29CA008F9535 /* Tests iOS.xctest */ = {isa = PBXFileReference; explicitFileType = wrapper.cfbundle; includeInIndex = 0; path = "Tests iOS.xctest"; sourceTree = BUILT_PRODUCTS_DIR; };
		E4838A7E285A29CA008F9535 /* Tests_iOS.swift */ = {isa = PBXFileReference; lastKnownFileType = sourcecode.swift; path = Tests_iOS.swift; sourceTree = "<group>"; };
		E4838A80285A29CA008F9535 /* Tests_iOSLaunchTests.swift */ = {isa = PBXFileReference; lastKnownFileType = sourcecode.swift; path = Tests_iOSLaunchTests.swift; sourceTree = "<group>"; };
		E4838A86285A29CA008F9535 /* Tests macOS.xctest */ = {isa = PBXFileReference; explicitFileType = wrapper.cfbundle; includeInIndex = 0; path = "Tests macOS.xctest"; sourceTree = BUILT_PRODUCTS_DIR; };
		E4838A8A285A29CA008F9535 /* Tests_macOS.swift */ = {isa = PBXFileReference; lastKnownFileType = sourcecode.swift; path = Tests_macOS.swift; sourceTree = "<group>"; };
		E4838A8C285A29CA008F9535 /* Tests_macOSLaunchTests.swift */ = {isa = PBXFileReference; lastKnownFileType = sourcecode.swift; path = Tests_macOSLaunchTests.swift; sourceTree = "<group>"; };
		E4838AA2285A2BD1008F9535 /* ContentViewModel.swift */ = {isa = PBXFileReference; lastKnownFileType = sourcecode.swift; path = ContentViewModel.swift; sourceTree = "<group>"; };
		E4838AA8285A30A0008F9535 /* A.wav */ = {isa = PBXFileReference; lastKnownFileType = audio.wav; path = A.wav; sourceTree = "<group>"; };
		E4838AA9285A30A0008F9535 /* C.wav */ = {isa = PBXFileReference; lastKnownFileType = audio.wav; path = C.wav; sourceTree = "<group>"; };
		E4838AAA285A30A0008F9535 /* B.wav */ = {isa = PBXFileReference; lastKnownFileType = audio.wav; path = B.wav; sourceTree = "<group>"; };
		E4838AAB285A30A0008F9535 /* F.wav */ = {isa = PBXFileReference; lastKnownFileType = audio.wav; path = F.wav; sourceTree = "<group>"; };
		E4838AAC285A30A0008F9535 /* G.wav */ = {isa = PBXFileReference; lastKnownFileType = audio.wav; path = G.wav; sourceTree = "<group>"; };
		E4838AAD285A30A0008F9535 /* E.wav */ = {isa = PBXFileReference; lastKnownFileType = audio.wav; path = E.wav; sourceTree = "<group>"; };
		E4838AAE285A30A0008F9535 /* D.wav */ = {isa = PBXFileReference; lastKnownFileType = audio.wav; path = D.wav; sourceTree = "<group>"; };
/* End PBXFileReference section */

/* Begin PBXFrameworksBuildPhase section */
		E4838A6A285A29CA008F9535 /* Frameworks */ = {
			isa = PBXFrameworksBuildPhase;
			buildActionMask = 2147483647;
			files = (
			);
			runOnlyForDeploymentPostprocessing = 0;
		};
		E4838A70285A29CA008F9535 /* Frameworks */ = {
			isa = PBXFrameworksBuildPhase;
			buildActionMask = 2147483647;
			files = (
			);
			runOnlyForDeploymentPostprocessing = 0;
		};
		E4838A77285A29CA008F9535 /* Frameworks */ = {
			isa = PBXFrameworksBuildPhase;
			buildActionMask = 2147483647;
			files = (
			);
			runOnlyForDeploymentPostprocessing = 0;
		};
		E4838A83285A29CA008F9535 /* Frameworks */ = {
			isa = PBXFrameworksBuildPhase;
			buildActionMask = 2147483647;
			files = (
			);
			runOnlyForDeploymentPostprocessing = 0;
		};
/* End PBXFrameworksBuildPhase section */

/* Begin PBXGroup section */
		E4838A60285A29C8008F9535 = {
			isa = PBXGroup;
			children = (
				E4838AA7285A30A0008F9535 /* Sounds */,
				E4838A65285A29C8008F9535 /* Shared */,
				E4838A74285A29CA008F9535 /* macOS */,
				E4838A7D285A29CA008F9535 /* Tests iOS */,
				E4838A89285A29CA008F9535 /* Tests macOS */,
				E4838A6E285A29CA008F9535 /* Products */,
			);
			sourceTree = "<group>";
		};
		E4838A65285A29C8008F9535 /* Shared */ = {
			isa = PBXGroup;
			children = (
				E4838A66285A29C8008F9535 /* saxjaxXylophoneApp.swift */,
				E4838A67285A29C8008F9535 /* ContentView.swift */,
				E4838A68285A29CA008F9535 /* Assets.xcassets */,
				E4838AA2285A2BD1008F9535 /* ContentViewModel.swift */,
			);
			path = Shared;
			sourceTree = "<group>";
		};
		E4838A6E285A29CA008F9535 /* Products */ = {
			isa = PBXGroup;
			children = (
				E4838A6D285A29CA008F9535 /* saxjaxXylophone.app */,
				E4838A73285A29CA008F9535 /* saxjaxXylophone.app */,
				E4838A7A285A29CA008F9535 /* Tests iOS.xctest */,
				E4838A86285A29CA008F9535 /* Tests macOS.xctest */,
			);
			name = Products;
			sourceTree = "<group>";
		};
		E4838A74285A29CA008F9535 /* macOS */ = {
			isa = PBXGroup;
			children = (
				E4838A75285A29CA008F9535 /* macOS.entitlements */,
			);
			path = macOS;
			sourceTree = "<group>";
		};
		E4838A7D285A29CA008F9535 /* Tests iOS */ = {
			isa = PBXGroup;
			children = (
				E4838A7E285A29CA008F9535 /* Tests_iOS.swift */,
				E4838A80285A29CA008F9535 /* Tests_iOSLaunchTests.swift */,
			);
			path = "Tests iOS";
			sourceTree = "<group>";
		};
		E4838A89285A29CA008F9535 /* Tests macOS */ = {
			isa = PBXGroup;
			children = (
				E4838A8A285A29CA008F9535 /* Tests_macOS.swift */,
				E4838A8C285A29CA008F9535 /* Tests_macOSLaunchTests.swift */,
			);
			path = "Tests macOS";
			sourceTree = "<group>";
		};
		E4838AA7285A30A0008F9535 /* Sounds */ = {
			isa = PBXGroup;
			children = (
				E4838AA8285A30A0008F9535 /* A.wav */,
				E4838AA9285A30A0008F9535 /* C.wav */,
				E4838AAA285A30A0008F9535 /* B.wav */,
				E4838AAB285A30A0008F9535 /* F.wav */,
				E4838AAC285A30A0008F9535 /* G.wav */,
				E4838AAD285A30A0008F9535 /* E.wav */,
				E4838AAE285A30A0008F9535 /* D.wav */,
			);
			path = Sounds;
			sourceTree = "<group>";
		};
/* End PBXGroup section */

/* Begin PBXNativeTarget section */
		E4838A6C285A29CA008F9535 /* saxjaxXylophone (iOS) */ = {
			isa = PBXNativeTarget;
			buildConfigurationList = E4838A96285A29CA008F9535 /* Build configuration list for PBXNativeTarget "saxjaxXylophone (iOS)" */;
			buildPhases = (
				E4838A69285A29CA008F9535 /* Sources */,
				E4838A6A285A29CA008F9535 /* Frameworks */,
				E4838A6B285A29CA008F9535 /* Resources */,
			);
			buildRules = (
			);
			dependencies = (
			);
			name = "saxjaxXylophone (iOS)";
			productName = "saxjaxXylophone (iOS)";
			productReference = E4838A6D285A29CA008F9535 /* saxjaxXylophone.app */;
			productType = "com.apple.product-type.application";
		};
		E4838A72285A29CA008F9535 /* saxjaxXylophone (macOS) */ = {
			isa = PBXNativeTarget;
			buildConfigurationList = E4838A99285A29CA008F9535 /* Build configuration list for PBXNativeTarget "saxjaxXylophone (macOS)" */;
			buildPhases = (
				E4838A6F285A29CA008F9535 /* Sources */,
				E4838A70285A29CA008F9535 /* Frameworks */,
				E4838A71285A29CA008F9535 /* Resources */,
			);
			buildRules = (
			);
			dependencies = (
			);
			name = "saxjaxXylophone (macOS)";
			productName = "saxjaxXylophone (macOS)";
			productReference = E4838A73285A29CA008F9535 /* saxjaxXylophone.app */;
			productType = "com.apple.product-type.application";
		};
		E4838A79285A29CA008F9535 /* Tests iOS */ = {
			isa = PBXNativeTarget;
			buildConfigurationList = E4838A9C285A29CA008F9535 /* Build configuration list for PBXNativeTarget "Tests iOS" */;
			buildPhases = (
				E4838A76285A29CA008F9535 /* Sources */,
				E4838A77285A29CA008F9535 /* Frameworks */,
				E4838A78285A29CA008F9535 /* Resources */,
			);
			buildRules = (
			);
			dependencies = (
				E4838A7C285A29CA008F9535 /* PBXTargetDependency */,
			);
			name = "Tests iOS";
			productName = "Tests iOS";
			productReference = E4838A7A285A29CA008F9535 /* Tests iOS.xctest */;
			productType = "com.apple.product-type.bundle.ui-testing";
		};
		E4838A85285A29CA008F9535 /* Tests macOS */ = {
			isa = PBXNativeTarget;
			buildConfigurationList = E4838A9F285A29CA008F9535 /* Build configuration list for PBXNativeTarget "Tests macOS" */;
			buildPhases = (
				E4838A82285A29CA008F9535 /* Sources */,
				E4838A83285A29CA008F9535 /* Frameworks */,
				E4838A84285A29CA008F9535 /* Resources */,
			);
			buildRules = (
			);
			dependencies = (
				E4838A88285A29CA008F9535 /* PBXTargetDependency */,
			);
			name = "Tests macOS";
			productName = "Tests macOS";
			productReference = E4838A86285A29CA008F9535 /* Tests macOS.xctest */;
			productType = "com.apple.product-type.bundle.ui-testing";
		};
/* End PBXNativeTarget section */

/* Begin PBXProject section */
		E4838A61285A29C8008F9535 /* Project object */ = {
			isa = PBXProject;
			attributes = {
				BuildIndependentTargetsInParallel = 1;
				LastSwiftUpdateCheck = 1330;
				LastUpgradeCheck = 1330;
				TargetAttributes = {
					E4838A6C285A29CA008F9535 = {
						CreatedOnToolsVersion = 13.3.1;
					};
					E4838A72285A29CA008F9535 = {
						CreatedOnToolsVersion = 13.3.1;
					};
					E4838A79285A29CA008F9535 = {
						CreatedOnToolsVersion = 13.3.1;
						TestTargetID = E4838A6C285A29CA008F9535;
					};
					E4838A85285A29CA008F9535 = {
						CreatedOnToolsVersion = 13.3.1;
						TestTargetID = E4838A72285A29CA008F9535;
					};
				};
			};
			buildConfigurationList = E4838A64285A29C8008F9535 /* Build configuration list for PBXProject "saxjaxXylophone" */;
			compatibilityVersion = "Xcode 13.0";
			developmentRegion = en;
			hasScannedForEncodings = 0;
			knownRegions = (
				en,
				Base,
			);
			mainGroup = E4838A60285A29C8008F9535;
			productRefGroup = E4838A6E285A29CA008F9535 /* Products */;
			projectDirPath = "";
			projectRoot = "";
			targets = (
				E4838A6C285A29CA008F9535 /* saxjaxXylophone (iOS) */,
				E4838A72285A29CA008F9535 /* saxjaxXylophone (macOS) */,
				E4838A79285A29CA008F9535 /* Tests iOS */,
				E4838A85285A29CA008F9535 /* Tests macOS */,
			);
		};
/* End PBXProject section */

/* Begin PBXResourcesBuildPhase section */
		E4838A6B285A29CA008F9535 /* Resources */ = {
			isa = PBXResourcesBuildPhase;
			buildActionMask = 2147483647;
			files = (
				E4838ABF285A30A1008F9535 /* G.wav in Resources */,
				E4838AB3285A30A1008F9535 /* C.wav in Resources */,
				E4838AAF285A30A0008F9535 /* A.wav in Resources */,
				E4838A92285A29CA008F9535 /* Assets.xcassets in Resources */,
				E4838ABB285A30A1008F9535 /* F.wav in Resources */,
				E4838AC7285A30A1008F9535 /* D.wav in Resources */,
				E4838AC3285A30A1008F9535 /* E.wav in Resources */,
				E4838AB7285A30A1008F9535 /* B.wav in Resources */,
			);
			runOnlyForDeploymentPostprocessing = 0;
		};
		E4838A71285A29CA008F9535 /* Resources */ = {
			isa = PBXResourcesBuildPhase;
			buildActionMask = 2147483647;
			files = (
				E4838AC0285A30A1008F9535 /* G.wav in Resources */,
				E4838AB4285A30A1008F9535 /* C.wav in Resources */,
				E4838AB0285A30A0008F9535 /* A.wav in Resources */,
				E4838A93285A29CA008F9535 /* Assets.xcassets in Resources */,
				E4838ABC285A30A1008F9535 /* F.wav in Resources */,
				E4838AC8285A30A1008F9535 /* D.wav in Resources */,
				E4838AC4285A30A1008F9535 /* E.wav in Resources */,
				E4838AB8285A30A1008F9535 /* B.wav in Resources */,
			);
			runOnlyForDeploymentPostprocessing = 0;
		};
		E4838A78285A29CA008F9535 /* Resources */ = {
			isa = PBXResourcesBuildPhase;
			buildActionMask = 2147483647;
			files = (
				E4838AC5285A30A1008F9535 /* E.wav in Resources */,
				E4838AB9285A30A1008F9535 /* B.wav in Resources */,
				E4838AC9285A30A1008F9535 /* D.wav in Resources */,
				E4838AC1285A30A1008F9535 /* G.wav in Resources */,
				E4838AB5285A30A1008F9535 /* C.wav in Resources */,
				E4838AB1285A30A1008F9535 /* A.wav in Resources */,
				E4838ABD285A30A1008F9535 /* F.wav in Resources */,
			);
			runOnlyForDeploymentPostprocessing = 0;
		};
		E4838A84285A29CA008F9535 /* Resources */ = {
			isa = PBXResourcesBuildPhase;
			buildActionMask = 2147483647;
			files = (
				E4838AC6285A30A1008F9535 /* E.wav in Resources */,
				E4838ABA285A30A1008F9535 /* B.wav in Resources */,
				E4838ACA285A30A1008F9535 /* D.wav in Resources */,
				E4838AC2285A30A1008F9535 /* G.wav in Resources */,
				E4838AB6285A30A1008F9535 /* C.wav in Resources */,
				E4838AB2285A30A1008F9535 /* A.wav in Resources */,
				E4838ABE285A30A1008F9535 /* F.wav in Resources */,
			);
			runOnlyForDeploymentPostprocessing = 0;
		};
/* End PBXResourcesBuildPhase section */

/* Begin PBXSourcesBuildPhase section */
		E4838A69285A29CA008F9535 /* Sources */ = {
			isa = PBXSourcesBuildPhase;
			buildActionMask = 2147483647;
			files = (
				E4838A90285A29CA008F9535 /* ContentView.swift in Sources */,
				E4838A8E285A29CA008F9535 /* saxjaxXylophoneApp.swift in Sources */,
				E4838AA3285A2BD1008F9535 /* ContentViewModel.swift in Sources */,
			);
			runOnlyForDeploymentPostprocessing = 0;
		};
		E4838A6F285A29CA008F9535 /* Sources */ = {
			isa = PBXSourcesBuildPhase;
			buildActionMask = 2147483647;
			files = (
				E4838A91285A29CA008F9535 /* ContentView.swift in Sources */,
				E4838A8F285A29CA008F9535 /* saxjaxXylophoneApp.swift in Sources */,
				E4838AA4285A2BD1008F9535 /* ContentViewModel.swift in Sources */,
			);
			runOnlyForDeploymentPostprocessing = 0;
		};
		E4838A76285A29CA008F9535 /* Sources */ = {
			isa = PBXSourcesBuildPhase;
			buildActionMask = 2147483647;
			files = (
				E4838A81285A29CA008F9535 /* Tests_iOSLaunchTests.swift in Sources */,
				E4838A7F285A29CA008F9535 /* Tests_iOS.swift in Sources */,
				E4838AA5285A2BD1008F9535 /* ContentViewModel.swift in Sources */,
			);
			runOnlyForDeploymentPostprocessing = 0;
		};
		E4838A82285A29CA008F9535 /* Sources */ = {
			isa = PBXSourcesBuildPhase;
			buildActionMask = 2147483647;
			files = (
				E4838A8D285A29CA008F9535 /* Tests_macOSLaunchTests.swift in Sources */,
				E4838A8B285A29CA008F9535 /* Tests_macOS.swift in Sources */,
				E4838AA6285A2BD1008F9535 /* ContentViewModel.swift in Sources */,
			);
			runOnlyForDeploymentPostprocessing = 0;
		};
/* End PBXSourcesBuildPhase section */

/* Begin PBXTargetDependency section */
		E4838A7C285A29CA008F9535 /* PBXTargetDependency */ = {
			isa = PBXTargetDependency;
			target = E4838A6C285A29CA008F9535 /* saxjaxXylophone (iOS) */;
			targetProxy = E4838A7B285A29CA008F9535 /* PBXContainerItemProxy */;
		};
		E4838A88285A29CA008F9535 /* PBXTargetDependency */ = {
			isa = PBXTargetDependency;
			target = E4838A72285A29CA008F9535 /* saxjaxXylophone (macOS) */;
			targetProxy = E4838A87285A29CA008F9535 /* PBXContainerItemProxy */;
		};
/* End PBXTargetDependency section */

/* Begin XCBuildConfiguration section */
		E4838A94285A29CA008F9535 /* Debug */ = {
			isa = XCBuildConfiguration;
			buildSettings = {
				ALWAYS_SEARCH_USER_PATHS = NO;
				CLANG_ANALYZER_NONNULL = YES;
				CLANG_ANALYZER_NUMBER_OBJECT_CONVERSION = YES_AGGRESSIVE;
				CLANG_CXX_LANGUAGE_STANDARD = "gnu++17";
				CLANG_ENABLE_MODULES = YES;
				CLANG_ENABLE_OBJC_ARC = YES;
				CLANG_ENABLE_OBJC_WEAK = YES;
				CLANG_WARN_BLOCK_CAPTURE_AUTORELEASING = YES;
				CLANG_WARN_BOOL_CONVERSION = YES;
				CLANG_WARN_COMMA = YES;
				CLANG_WARN_CONSTANT_CONVERSION = YES;
				CLANG_WARN_DEPRECATED_OBJC_IMPLEMENTATIONS = YES;
				CLANG_WARN_DIRECT_OBJC_ISA_USAGE = YES_ERROR;
				CLANG_WARN_DOCUMENTATION_COMMENTS = YES;
				CLANG_WARN_EMPTY_BODY = YES;
				CLANG_WARN_ENUM_CONVERSION = YES;
				CLANG_WARN_INFINITE_RECURSION = YES;
				CLANG_WARN_INT_CONVERSION = YES;
				CLANG_WARN_NON_LITERAL_NULL_CONVERSION = YES;
				CLANG_WARN_OBJC_IMPLICIT_RETAIN_SELF = YES;
				CLANG_WARN_OBJC_LITERAL_CONVERSION = YES;
				CLANG_WARN_OBJC_ROOT_CLASS = YES_ERROR;
				CLANG_WARN_QUOTED_INCLUDE_IN_FRAMEWORK_HEADER = YES;
				CLANG_WARN_RANGE_LOOP_ANALYSIS = YES;
				CLANG_WARN_STRICT_PROTOTYPES = YES;
				CLANG_WARN_SUSPICIOUS_MOVE = YES;
				CLANG_WARN_UNGUARDED_AVAILABILITY = YES_AGGRESSIVE;
				CLANG_WARN_UNREACHABLE_CODE = YES;
				CLANG_WARN__DUPLICATE_METHOD_MATCH = YES;
				COPY_PHASE_STRIP = NO;
				DEBUG_INFORMATION_FORMAT = dwarf;
				ENABLE_STRICT_OBJC_MSGSEND = YES;
				ENABLE_TESTABILITY = YES;
				GCC_C_LANGUAGE_STANDARD = gnu11;
				GCC_DYNAMIC_NO_PIC = NO;
				GCC_NO_COMMON_BLOCKS = YES;
				GCC_OPTIMIZATION_LEVEL = 0;
				GCC_PREPROCESSOR_DEFINITIONS = (
					"DEBUG=1",
					"$(inherited)",
				);
				GCC_WARN_64_TO_32_BIT_CONVERSION = YES;
				GCC_WARN_ABOUT_RETURN_TYPE = YES_ERROR;
				GCC_WARN_UNDECLARED_SELECTOR = YES;
				GCC_WARN_UNINITIALIZED_AUTOS = YES_AGGRESSIVE;
				GCC_WARN_UNUSED_FUNCTION = YES;
				GCC_WARN_UNUSED_VARIABLE = YES;
				MTL_ENABLE_DEBUG_INFO = INCLUDE_SOURCE;
				MTL_FAST_MATH = YES;
				ONLY_ACTIVE_ARCH = YES;
				SWIFT_ACTIVE_COMPILATION_CONDITIONS = DEBUG;
				SWIFT_OPTIMIZATION_LEVEL = "-Onone";
			};
			name = Debug;
		};
		E4838A95285A29CA008F9535 /* Release */ = {
			isa = XCBuildConfiguration;
			buildSettings = {
				ALWAYS_SEARCH_USER_PATHS = NO;
				CLANG_ANALYZER_NONNULL = YES;
				CLANG_ANALYZER_NUMBER_OBJECT_CONVERSION = YES_AGGRESSIVE;
				CLANG_CXX_LANGUAGE_STANDARD = "gnu++17";
				CLANG_ENABLE_MODULES = YES;
				CLANG_ENABLE_OBJC_ARC = YES;
				CLANG_ENABLE_OBJC_WEAK = YES;
				CLANG_WARN_BLOCK_CAPTURE_AUTORELEASING = YES;
				CLANG_WARN_BOOL_CONVERSION = YES;
				CLANG_WARN_COMMA = YES;
				CLANG_WARN_CONSTANT_CONVERSION = YES;
				CLANG_WARN_DEPRECATED_OBJC_IMPLEMENTATIONS = YES;
				CLANG_WARN_DIRECT_OBJC_ISA_USAGE = YES_ERROR;
				CLANG_WARN_DOCUMENTATION_COMMENTS = YES;
				CLANG_WARN_EMPTY_BODY = YES;
				CLANG_WARN_ENUM_CONVERSION = YES;
				CLANG_WARN_INFINITE_RECURSION = YES;
				CLANG_WARN_INT_CONVERSION = YES;
				CLANG_WARN_NON_LITERAL_NULL_CONVERSION = YES;
				CLANG_WARN_OBJC_IMPLICIT_RETAIN_SELF = YES;
				CLANG_WARN_OBJC_LITERAL_CONVERSION = YES;
				CLANG_WARN_OBJC_ROOT_CLASS = YES_ERROR;
				CLANG_WARN_QUOTED_INCLUDE_IN_FRAMEWORK_HEADER = YES;
				CLANG_WARN_RANGE_LOOP_ANALYSIS = YES;
				CLANG_WARN_STRICT_PROTOTYPES = YES;
				CLANG_WARN_SUSPICIOUS_MOVE = YES;
				CLANG_WARN_UNGUARDED_AVAILABILITY = YES_AGGRESSIVE;
				CLANG_WARN_UNREACHABLE_CODE = YES;
				CLANG_WARN__DUPLICATE_METHOD_MATCH = YES;
				COPY_PHASE_STRIP = NO;
				DEBUG_INFORMATION_FORMAT = "dwarf-with-dsym";
				ENABLE_NS_ASSERTIONS = NO;
				ENABLE_STRICT_OBJC_MSGSEND = YES;
				GCC_C_LANGUAGE_STANDARD = gnu11;
				GCC_NO_COMMON_BLOCKS = YES;
				GCC_WARN_64_TO_32_BIT_CONVERSION = YES;
				GCC_WARN_ABOUT_RETURN_TYPE = YES_ERROR;
				GCC_WARN_UNDECLARED_SELECTOR = YES;
				GCC_WARN_UNINITIALIZED_AUTOS = YES_AGGRESSIVE;
				GCC_WARN_UNUSED_FUNCTION = YES;
				GCC_WARN_UNUSED_VARIABLE = YES;
				MTL_ENABLE_DEBUG_INFO = NO;
				MTL_FAST_MATH = YES;
				SWIFT_COMPILATION_MODE = wholemodule;
				SWIFT_OPTIMIZATION_LEVEL = "-O";
			};
			name = Release;
		};
		E4838A97285A29CA008F9535 /* Debug */ = {
			isa = XCBuildConfiguration;
			buildSettings = {
				ASSETCATALOG_COMPILER_APPICON_NAME = AppIcon;
				ASSETCATALOG_COMPILER_GLOBAL_ACCENT_COLOR_NAME = AccentColor;
				CODE_SIGN_STYLE = Automatic;
				CURRENT_PROJECT_VERSION = 1;
				DEVELOPMENT_TEAM = LW5S74625G;
				ENABLE_PREVIEWS = YES;
				GENERATE_INFOPLIST_FILE = YES;
				INFOPLIST_KEY_UIApplicationSceneManifest_Generation = YES;
				INFOPLIST_KEY_UIApplicationSupportsIndirectInputEvents = YES;
				INFOPLIST_KEY_UILaunchScreen_Generation = YES;
				INFOPLIST_KEY_UISupportedInterfaceOrientations_iPad = "UIInterfaceOrientationPortrait UIInterfaceOrientationPortraitUpsideDown UIInterfaceOrientationLandscapeLeft UIInterfaceOrientationLandscapeRight";
				INFOPLIST_KEY_UISupportedInterfaceOrientations_iPhone = "UIInterfaceOrientationPortrait UIInterfaceOrientationLandscapeLeft UIInterfaceOrientationLandscapeRight";
				IPHONEOS_DEPLOYMENT_TARGET = 15.4;
				LD_RUNPATH_SEARCH_PATHS = (
					"$(inherited)",
					"@executable_path/Frameworks",
				);
				MARKETING_VERSION = 1.0;
				PRODUCT_BUNDLE_IDENTIFIER = dk.saxjax.saxjaxXylophone;
				PRODUCT_NAME = saxjaxXylophone;
				SDKROOT = iphoneos;
				SWIFT_EMIT_LOC_STRINGS = YES;
				SWIFT_VERSION = 5.0;
				TARGETED_DEVICE_FAMILY = "1,2";
			};
			name = Debug;
		};
		E4838A98285A29CA008F9535 /* Release */ = {
			isa = XCBuildConfiguration;
			buildSettings = {
				ASSETCATALOG_COMPILER_APPICON_NAME = AppIcon;
				ASSETCATALOG_COMPILER_GLOBAL_ACCENT_COLOR_NAME = AccentColor;
				CODE_SIGN_STYLE = Automatic;
				CURRENT_PROJECT_VERSION = 1;
				DEVELOPMENT_TEAM = LW5S74625G;
				ENABLE_PREVIEWS = YES;
				GENERATE_INFOPLIST_FILE = YES;
				INFOPLIST_KEY_UIApplicationSceneManifest_Generation = YES;
				INFOPLIST_KEY_UIApplicationSupportsIndirectInputEvents = YES;
				INFOPLIST_KEY_UILaunchScreen_Generation = YES;
				INFOPLIST_KEY_UISupportedInterfaceOrientations_iPad = "UIInterfaceOrientationPortrait UIInterfaceOrientationPortraitUpsideDown UIInterfaceOrientationLandscapeLeft UIInterfaceOrientationLandscapeRight";
				INFOPLIST_KEY_UISupportedInterfaceOrientations_iPhone = "UIInterfaceOrientationPortrait UIInterfaceOrientationLandscapeLeft UIInterfaceOrientationLandscapeRight";
				IPHONEOS_DEPLOYMENT_TARGET = 15.4;
				LD_RUNPATH_SEARCH_PATHS = (
					"$(inherited)",
					"@executable_path/Frameworks",
				);
				MARKETING_VERSION = 1.0;
				PRODUCT_BUNDLE_IDENTIFIER = dk.saxjax.saxjaxXylophone;
				PRODUCT_NAME = saxjaxXylophone;
				SDKROOT = iphoneos;
				SWIFT_EMIT_LOC_STRINGS = YES;
				SWIFT_VERSION = 5.0;
				TARGETED_DEVICE_FAMILY = "1,2";
				VALIDATE_PRODUCT = YES;
			};
			name = Release;
		};
		E4838A9A285A29CA008F9535 /* Debug */ = {
			isa = XCBuildConfiguration;
			buildSettings = {
				ASSETCATALOG_COMPILER_APPICON_NAME = AppIcon;
				ASSETCATALOG_COMPILER_GLOBAL_ACCENT_COLOR_NAME = AccentColor;
				CODE_SIGN_ENTITLEMENTS = macOS/macOS.entitlements;
				CODE_SIGN_STYLE = Automatic;
				COMBINE_HIDPI_IMAGES = YES;
				CURRENT_PROJECT_VERSION = 1;
				DEVELOPMENT_TEAM = LW5S74625G;
				ENABLE_HARDENED_RUNTIME = YES;
				ENABLE_PREVIEWS = YES;
				GENERATE_INFOPLIST_FILE = YES;
				INFOPLIST_KEY_NSHumanReadableCopyright = "";
				LD_RUNPATH_SEARCH_PATHS = (
					"$(inherited)",
					"@executable_path/../Frameworks",
				);
				MACOSX_DEPLOYMENT_TARGET = 12.2;
				MARKETING_VERSION = 1.0;
				PRODUCT_BUNDLE_IDENTIFIER = dk.saxjax.saxjaxXylophone;
				PRODUCT_NAME = saxjaxXylophone;
				SDKROOT = macosx;
				SWIFT_EMIT_LOC_STRINGS = YES;
				SWIFT_VERSION = 5.0;
			};
			name = Debug;
		};
		E4838A9B285A29CA008F9535 /* Release */ = {
			isa = XCBuildConfiguration;
			buildSettings = {
				ASSETCATALOG_COMPILER_APPICON_NAME = AppIcon;
				ASSETCATALOG_COMPILER_GLOBAL_ACCENT_COLOR_NAME = AccentColor;
				CODE_SIGN_ENTITLEMENTS = macOS/macOS.entitlements;
				CODE_SIGN_STYLE = Automatic;
				COMBINE_HIDPI_IMAGES = YES;
				CURRENT_PROJECT_VERSION = 1;
				DEVELOPMENT_TEAM = LW5S74625G;
				ENABLE_HARDENED_RUNTIME = YES;
				ENABLE_PREVIEWS = YES;
				GENERATE_INFOPLIST_FILE = YES;
				INFOPLIST_KEY_NSHumanReadableCopyright = "";
				LD_RUNPATH_SEARCH_PATHS = (
					"$(inherited)",
					"@executable_path/../Frameworks",
				);
				MACOSX_DEPLOYMENT_TARGET = 12.2;
				MARKETING_VERSION = 1.0;
				PRODUCT_BUNDLE_IDENTIFIER = dk.saxjax.saxjaxXylophone;
				PRODUCT_NAME = saxjaxXylophone;
				SDKROOT = macosx;
				SWIFT_EMIT_LOC_STRINGS = YES;
				SWIFT_VERSION = 5.0;
			};
			name = Release;
		};
		E4838A9D285A29CA008F9535 /* Debug */ = {
			isa = XCBuildConfiguration;
			buildSettings = {
				ALWAYS_EMBED_SWIFT_STANDARD_LIBRARIES = YES;
				CODE_SIGN_STYLE = Automatic;
				CURRENT_PROJECT_VERSION = 1;
				DEVELOPMENT_TEAM = LW5S74625G;
				GENERATE_INFOPLIST_FILE = YES;
				IPHONEOS_DEPLOYMENT_TARGET = 15.4;
				MARKETING_VERSION = 1.0;
				PRODUCT_BUNDLE_IDENTIFIER = "dk.saxjax.Tests-iOS";
				PRODUCT_NAME = "$(TARGET_NAME)";
				SDKROOT = iphoneos;
				SWIFT_EMIT_LOC_STRINGS = NO;
				SWIFT_VERSION = 5.0;
				TARGETED_DEVICE_FAMILY = "1,2";
				TEST_TARGET_NAME = "saxjaxXylophone (iOS)";
			};
			name = Debug;
		};
		E4838A9E285A29CA008F9535 /* Release */ = {
			isa = XCBuildConfiguration;
			buildSettings = {
				ALWAYS_EMBED_SWIFT_STANDARD_LIBRARIES = YES;
				CODE_SIGN_STYLE = Automatic;
				CURRENT_PROJECT_VERSION = 1;
				DEVELOPMENT_TEAM = LW5S74625G;
				GENERATE_INFOPLIST_FILE = YES;
				IPHONEOS_DEPLOYMENT_TARGET = 15.4;
				MARKETING_VERSION = 1.0;
				PRODUCT_BUNDLE_IDENTIFIER = "dk.saxjax.Tests-iOS";
				PRODUCT_NAME = "$(TARGET_NAME)";
				SDKROOT = iphoneos;
				SWIFT_EMIT_LOC_STRINGS = NO;
				SWIFT_VERSION = 5.0;
				TARGETED_DEVICE_FAMILY = "1,2";
				TEST_TARGET_NAME = "saxjaxXylophone (iOS)";
				VALIDATE_PRODUCT = YES;
			};
			name = Release;
		};
		E4838AA0285A29CA008F9535 /* Debug */ = {
			isa = XCBuildConfiguration;
			buildSettings = {
				ALWAYS_EMBED_SWIFT_STANDARD_LIBRARIES = YES;
				CODE_SIGN_STYLE = Automatic;
				CURRENT_PROJECT_VERSION = 1;
				DEVELOPMENT_TEAM = LW5S74625G;
				GENERATE_INFOPLIST_FILE = YES;
				MACOSX_DEPLOYMENT_TARGET = 12.2;
				MARKETING_VERSION = 1.0;
				PRODUCT_BUNDLE_IDENTIFIER = "dk.saxjax.Tests-macOS";
				PRODUCT_NAME = "$(TARGET_NAME)";
				SDKROOT = macosx;
				SWIFT_EMIT_LOC_STRINGS = NO;
				SWIFT_VERSION = 5.0;
				TEST_TARGET_NAME = "saxjaxXylophone (macOS)";
			};
			name = Debug;
		};
		E4838AA1285A29CA008F9535 /* Release */ = {
			isa = XCBuildConfiguration;
			buildSettings = {
				ALWAYS_EMBED_SWIFT_STANDARD_LIBRARIES = YES;
				CODE_SIGN_STYLE = Automatic;
				CURRENT_PROJECT_VERSION = 1;
				DEVELOPMENT_TEAM = LW5S74625G;
				GENERATE_INFOPLIST_FILE = YES;
				MACOSX_DEPLOYMENT_TARGET = 12.2;
				MARKETING_VERSION = 1.0;
				PRODUCT_BUNDLE_IDENTIFIER = "dk.saxjax.Tests-macOS";
				PRODUCT_NAME = "$(TARGET_NAME)";
				SDKROOT = macosx;
				SWIFT_EMIT_LOC_STRINGS = NO;
				SWIFT_VERSION = 5.0;
				TEST_TARGET_NAME = "saxjaxXylophone (macOS)";
			};
			name = Release;
		};
/* End XCBuildConfiguration section */

/* Begin XCConfigurationList section */
		E4838A64285A29C8008F9535 /* Build configuration list for PBXProject "saxjaxXylophone" */ = {
			isa = XCConfigurationList;
			buildConfigurations = (
				E4838A94285A29CA008F9535 /* Debug */,
				E4838A95285A29CA008F9535 /* Release */,
			);
			defaultConfigurationIsVisible = 0;
			defaultConfigurationName = Release;
		};
		E4838A96285A29CA008F9535 /* Build configuration list for PBXNativeTarget "saxjaxXylophone (iOS)" */ = {
			isa = XCConfigurationList;
			buildConfigurations = (
				E4838A97285A29CA008F9535 /* Debug */,
				E4838A98285A29CA008F9535 /* Release */,
			);
			defaultConfigurationIsVisible = 0;
			defaultConfigurationName = Release;
		};
		E4838A99285A29CA008F9535 /* Build configuration list for PBXNativeTarget "saxjaxXylophone (macOS)" */ = {
			isa = XCConfigurationList;
			buildConfigurations = (
				E4838A9A285A29CA008F9535 /* Debug */,
				E4838A9B285A29CA008F9535 /* Release */,
			);
			defaultConfigurationIsVisible = 0;
			defaultConfigurationName = Release;
		};
		E4838A9C285A29CA008F9535 /* Build configuration list for PBXNativeTarget "Tests iOS" */ = {
			isa = XCConfigurationList;
			buildConfigurations = (
				E4838A9D285A29CA008F9535 /* Debug */,
				E4838A9E285A29CA008F9535 /* Release */,
			);
			defaultConfigurationIsVisible = 0;
			defaultConfigurationName = Release;
		};
		E4838A9F285A29CA008F9535 /* Build configuration list for PBXNativeTarget "Tests macOS" */ = {
			isa = XCConfigurationList;
			buildConfigurations = (
				E4838AA0285A29CA008F9535 /* Debug */,
				E4838AA1285A29CA008F9535 /* Release */,
			);
			defaultConfigurationIsVisible = 0;
			defaultConfigurationName = Release;
		};
/* End XCConfigurationList section */
	};
	rootObject = E4838A61285A29C8008F9535 /* Project object */;
}
